
Microsoft Visual Studio Solution File, Format Version 12.00
# Visual Studio Version 16
VisualStudioVersion = 16.0.29519.87
MinimumVisualStudioVersion = 10.0.40219.1
Project("{FAE04EC0-301F-11D3-BF4B-00C04F79EFBC}") = "AspNetFinalProject", "AspNetFinalProject.csproj", "{D47CAABB-2EA2-4CAC-AB0A-DB7AA4B07A4B}"
EndProject
Global
	GlobalSection(SolutionConfigurationPlatforms) = preSolution
		Debug|Any CPU = Debug|Any CPU
		Release|Any CPU = Release|Any CPU
	EndGlobalSection
	GlobalSection(ProjectConfigurationPlatforms) = postSolution
		{D47CAABB-2EA2-4CAC-AB0A-DB7AA4B07A4B}.Debug|Any CPU.ActiveCfg = Debug|Any CPU
		{D47CAABB-2EA2-4CAC-AB0A-DB7AA4B07A4B}.Debug|Any CPU.Build.0 = Debug|Any CPU
		{D47CAABB-2EA2-4CAC-AB0A-DB7AA4B07A4B}.Release|Any CPU.ActiveCfg = Release|Any CPU
		{D47CAABB-2EA2-4CAC-AB0A-DB7AA4B07A4B}.Release|Any CPU.Build.0 = Release|Any CPU
	EndGlobalSection
	GlobalSection(SolutionProperties) = preSolution
		HideSolutionNode = FALSE
	EndGlobalSection
	GlobalSection(ExtensibilityGlobals) = postSolution
		SolutionGuid = {F31B6AC0-7F92-46EE-A2D4-6666F0719389}
	EndGlobalSection
EndGlobal
